
Microsoft Visual Studio Solution File, Format Version 12.00
# Visual Studio Version 16
VisualStudioVersion = 16.0.31727.386
MinimumVisualStudioVersion = 10.0.40219.1
Project("{FAE04EC0-301F-11D3-BF4B-00C04F79EFBC}") = "Student_System", "Student_System\Student_System.csproj", "{A7770C83-DF9A-4C96-93E5-4C02B0250B25}"
EndProject
Global
	GlobalSection(SolutionConfigurationPlatforms) = preSolution
		Debug|Any CPU = Debug|Any CPU
		Release|Any CPU = Release|Any CPU
	EndGlobalSection
	GlobalSection(ProjectConfigurationPlatforms) = postSolution
		{A7770C83-DF9A-4C96-93E5-4C02B0250B25}.Debug|Any CPU.ActiveCfg = Debug|Any CPU
		{A7770C83-DF9A-4C96-93E5-4C02B0250B25}.Debug|Any CPU.Build.0 = Debug|Any CPU
		{A7770C83-DF9A-4C96-93E5-4C02B0250B25}.Release|Any CPU.ActiveCfg = Release|Any CPU
		{A7770C83-DF9A-4C96-93E5-4C02B0250B25}.Release|Any CPU.Build.0 = Release|Any CPU
	EndGlobalSection
	GlobalSection(SolutionProperties) = preSolution
		HideSolutionNode = FALSE
	EndGlobalSection
	GlobalSection(ExtensibilityGlobals) = postSolution
		SolutionGuid = {75C93ED1-CE03-4894-A6A4-CF399C2C77E0}
	EndGlobalSection
EndGlobal
